{
  "nodes": {
    "disko": {
      "inputs": {
        "nixpkgs": "nixpkgs"
      },
      "locked": {
        "lastModified": 1703162528,
        "narHash": "sha256-pQ41wN6JlStkZOhRTIHEpuwVywLdh+xzZQW1+FzdjVs=",
        "owner": "nix-community",
        "repo": "disko",
        "rev": "a050895e4eb06e0738680021a701ea05dc8dbfc9",
        "type": "github"
      },
      "original": {
        "owner": "nix-community",
        "repo": "disko",
        "type": "github"
      }
    },
    "ek-xmonad": {
      "flake": false,
      "locked": {
        "lastModified": 1703256525,
        "narHash": "sha256-IRlQFlxWJV0PgGZnlPHAhV+3LSfYFjr7pay3j6R417E=",
        "owner": "ErnestKz",
        "repo": "ek-xmonad",
        "rev": "a8dba973501d9cec78e897a9f2575a54186b3d6a",
        "type": "github"
      },
      "original": {
        "owner": "ErnestKz",
        "ref": "master",
        "repo": "ek-xmonad",
        "type": "github"
      }
    },
    "home-manager": {
      "inputs": {
        "nixpkgs": "nixpkgs_2"
      },
      "locked": {
        "lastModified": 1703178811,
        "narHash": "sha256-Orbqa8DvszYZ38XGWAs43hVs++czt2N6/Y0sFRLhJms=",
        "owner": "nix-community",
        "repo": "home-manager",
        "rev": "fb5ac0c870a1b3ffea70e02ab1720d991ce812ae",
        "type": "github"
      },
      "original": {
        "owner": "nix-community",
        "repo": "home-manager",
        "type": "github"
      }
    },
    "impermanence": {
      "locked": {
        "lastModified": 1702984171,
        "narHash": "sha256-reIUBrUXibohXmvXRsgpvtlCE0QQSvWSA+qQCKohgR0=",
        "owner": "nix-community",
        "repo": "impermanence",
        "rev": "123e94200f63952639492796b8878e588a4a2851",
        "type": "github"
      },
      "original": {
        "owner": "nix-community",
        "repo": "impermanence",
        "type": "github"
      }
    },
    "nixos-hardware": {
      "locked": {
        "lastModified": 1702453208,
        "narHash": "sha256-0wRi9SposfE2wHqjuKt8WO2izKB/ASDOV91URunIqgo=",
        "owner": "NixOS",
        "repo": "nixos-hardware",
        "rev": "7763c6fd1f299cb9361ff2abf755ed9619ef01d6",
        "type": "github"
      },
      "original": {
        "owner": "NixOS",
        "repo": "nixos-hardware",
        "type": "github"
      }
    },
    "nixpkgs": {
      "locked": {
        "lastModified": 1703063446,
        "narHash": "sha256-e59l84kPNX+clUJUvHJ6+0C3Tw+gYeJn/QaH1dr/3kg=",
        "owner": "NixOS",
        "repo": "nixpkgs",
        "rev": "7c33cd6bf01cf09f77bfdf6741cddfffa2cd5640",
        "type": "github"
      },
      "original": {
        "owner": "NixOS",
        "ref": "nixpkgs-unstable",
        "repo": "nixpkgs",
        "type": "github"
      }
    },
    "nixpkgs-unstable": {
      "locked": {
        "lastModified": 1703258028,
        "narHash": "sha256-y0xLWtADKUmbb91cUDoDrlkwV6qhtuLJzxkACnv2C0U=",
        "owner": "NixOS",
        "repo": "nixpkgs",
        "rev": "3a51fd3bd2bced54f28f7986ee642d969ea6db42",
        "type": "github"
      },
      "original": {
        "owner": "NixOS",
        "ref": "master",
        "repo": "nixpkgs",
        "type": "github"
      }
    },
    "nixpkgs_2": {
      "locked": {
        "lastModified": 1702312524,
        "narHash": "sha256-gkZJRDBUCpTPBvQk25G0B7vfbpEYM5s5OZqghkjZsnE=",
        "owner": "NixOS",
        "repo": "nixpkgs",
        "rev": "a9bf124c46ef298113270b1f84a164865987a91c",
        "type": "github"
      },
      "original": {
        "owner": "NixOS",
        "ref": "nixos-unstable",
        "repo": "nixpkgs",
        "type": "github"
      }
    },
    "root": {
      "inputs": {
        "disko": "disko",
        "ek-xmonad": "ek-xmonad",
        "home-manager": "home-manager",
        "impermanence": "impermanence",
        "nixos-hardware": "nixos-hardware",
        "nixpkgs-unstable": "nixpkgs-unstable"
      }
    }
  },
  "root": "root",
  "version": 7
}
